
Microsoft Visual Studio Solution File, Format Version 12.00
# Visual Studio Version 16
VisualStudioVersion = 16.0.30907.101
MinimumVisualStudioVersion = 10.0.40219.1
Project("{9A19103F-16F7-4668-BE54-9A1E7A4F7556}") = "LevelClever", "LevelClever.csproj", "{9614DFB9-F624-4852-A8F2-012C9AF5B86F}"
EndProject
Global
	GlobalSection(SolutionConfigurationPlatforms) = preSolution
		Debug|Any CPU = Debug|Any CPU
		Release|Any CPU = Release|Any CPU
	EndGlobalSection
	GlobalSection(ProjectConfigurationPlatforms) = postSolution
		{9614DFB9-F624-4852-A8F2-012C9AF5B86F}.Debug|Any CPU.ActiveCfg = Debug|Any CPU
		{9614DFB9-F624-4852-A8F2-012C9AF5B86F}.Debug|Any CPU.Build.0 = Debug|Any CPU
		{9614DFB9-F624-4852-A8F2-012C9AF5B86F}.Release|Any CPU.ActiveCfg = Release|Any CPU
		{9614DFB9-F624-4852-A8F2-012C9AF5B86F}.Release|Any CPU.Build.0 = Release|Any CPU
	EndGlobalSection
	GlobalSection(SolutionProperties) = preSolution
		HideSolutionNode = FALSE
	EndGlobalSection
	GlobalSection(ExtensibilityGlobals) = postSolution
		LessCompiler = 9614dfb9-f624-4852-a8f2-012c9af5b86f
		SolutionGuid = {9A08D916-9A3B-4664-9EB1-34643BC34843}
	EndGlobalSection
EndGlobal
